
Microsoft Visual Studio Solution File, Format Version 12.00
# Visual Studio Version 16
VisualStudioVersion = 16.0.32228.343
MinimumVisualStudioVersion = 10.0.40219.1
Project("{FAE04EC0-301F-11D3-BF4B-00C04F79EFBC}") = "WindowsFormsDemo", "WindowsFormsDemo.csproj", "{6CEF5F8C-4FEA-4FA5-AD83-F67BE7D331B7}"
EndProject
Global
	GlobalSection(SolutionConfigurationPlatforms) = preSolution
		Debug|Any CPU = Debug|Any CPU
		Release|Any CPU = Release|Any CPU
	EndGlobalSection
	GlobalSection(ProjectConfigurationPlatforms) = postSolution
		{6CEF5F8C-4FEA-4FA5-AD83-F67BE7D331B7}.Debug|Any CPU.ActiveCfg = Debug|Any CPU
		{6CEF5F8C-4FEA-4FA5-AD83-F67BE7D331B7}.Debug|Any CPU.Build.0 = Debug|Any CPU
		{6CEF5F8C-4FEA-4FA5-AD83-F67BE7D331B7}.Release|Any CPU.ActiveCfg = Release|Any CPU
		{6CEF5F8C-4FEA-4FA5-AD83-F67BE7D331B7}.Release|Any CPU.Build.0 = Release|Any CPU
	EndGlobalSection
	GlobalSection(SolutionProperties) = preSolution
		HideSolutionNode = FALSE
	EndGlobalSection
	GlobalSection(ExtensibilityGlobals) = postSolution
		SolutionGuid = {1797E201-8F00-4035-BCEA-48CDB1E317FB}
	EndGlobalSection
EndGlobal
